
Microsoft Visual Studio Solution File, Format Version 12.00
# Visual Studio 15
VisualStudioVersion = 15.0.27130.2036
MinimumVisualStudioVersion = 15.0.26124.0
Project("{9A19103F-16F7-4668-BE54-9A1E7A4F7556}") = "ServiceHost", "src\ServiceHost\ServiceHost.csproj", "{4E9C1A70-91D1-40F1-BAFB-0CBFCB8C841A}"
EndProject
Project("{2150E333-8FDC-42A3-9474-1A3956D46DE8}") = "test", "test", "{28163331-31E9-4CD2-A108-2CC9C6C8B0F2}"
EndProject
Project("{2150E333-8FDC-42A3-9474-1A3956D46DE8}") = "MeetupManagement", "MeetupManagement", "{7897F236-06FD-4246-8D6C-E511C07035B7}"
EndProject
Project("{9A19103F-16F7-4668-BE54-9A1E7A4F7556}") = "DotNetRu.MeetupManagement.WebApi.Contract", "src\MeetupManagement\DotNetRu.MeetupManagement.WebApi.Contract\DotNetRu.MeetupManagement.WebApi.Contract.csproj", "{370ADF9C-DAB4-40E1-BB46-4FB053BEAAEB}"
EndProject
Project("{9A19103F-16F7-4668-BE54-9A1E7A4F7556}") = "DotNetRu.MeetupManagement.WebApi", "src\MeetupManagement\DotNetRu.MeetupManagement.WebApi\DotNetRu.MeetupManagement.WebApi.csproj", "{7A1E5034-E7C8-4CCD-8F2C-FE7BA13072FF}"
EndProject
Project("{9A19103F-16F7-4668-BE54-9A1E7A4F7556}") = "DotNetRu.MeetupManagement.BusinessLayer.Contract", "src\MeetupManagement\DotNetRu.MeetupManagement.BusinessLayer.Contract\DotNetRu.MeetupManagement.BusinessLayer.Contract.csproj", "{1D61BC72-5E9F-4D7E-8DFF-994FC640F4F4}"
EndProject
Project("{9A19103F-16F7-4668-BE54-9A1E7A4F7556}") = "DotNetRu.MeetupManagement.BusinessLayer", "src\MeetupManagement\DotNetRu.MeetupManagement.BusinessLayer\DotNetRu.MeetupManagement.BusinessLayer.csproj", "{2911EAFA-428B-44B2-B598-653094A34A8A}"
EndProject
Project("{9A19103F-16F7-4668-BE54-9A1E7A4F7556}") = "DotNetRu.MeetupManagement.DataLayer.Contract", "src\MeetupManagement\DotNetRu.MeetupManagement.DataLayer.Contract\DotNetRu.MeetupManagement.DataLayer.Contract.csproj", "{9D106772-47F3-42E2-9F79-16ECAC1E18E2}"
EndProject
Project("{9A19103F-16F7-4668-BE54-9A1E7A4F7556}") = "DotNetRu.MeetupManagement.DataLayer.EfCore", "src\MeetupManagement\DotNetRu.MeetupManagement.DataLayer.EfCore\DotNetRu.MeetupManagement.DataLayer.EfCore.csproj", "{89503573-F92D-4672-B8F1-772587FAEF74}"
EndProject
Project("{9A19103F-16F7-4668-BE54-9A1E7A4F7556}") = "DotNetRu.MeetupManagement.WebApi.Tests", "test\DotNetRu.MeetupManagement.WebApi.Tests\DotNetRu.MeetupManagement.WebApi.Tests.csproj", "{9BE3CBB5-2754-42BE-B3C3-7E26169929D1}"
EndProject
Project("{9A19103F-16F7-4668-BE54-9A1E7A4F7556}") = "DotNetRu.MeetupManagement.BusinessLayer.Tests", "test\DotNetRu.MeetupManagement.BusinessLayer.Tests\DotNetRu.MeetupManagement.BusinessLayer.Tests.csproj", "{7737FDFD-0E3B-4CCA-9C6B-8BC0FD2EEEF3}"
EndProject
Project("{9A19103F-16F7-4668-BE54-9A1E7A4F7556}") = "DotNetRu.MeetupManagement.DataLayer.EfCore.Tests", "test\DotNetRu.MeetupManagement.DataLayer.EfCore.Tests\DotNetRu.MeetupManagement.DataLayer.EfCore.Tests.csproj", "{B4352A3C-8C01-4DB0-9D3D-BC634A0ADC4A}"
EndProject
Project("{9A19103F-16F7-4668-BE54-9A1E7A4F7556}") = "ServiceHost.Tests", "test\ServiceHost.Tests\ServiceHost.Tests.csproj", "{CAF0AC27-67DA-43D1-9873-7FA2717E014C}"
EndProject
Global
	GlobalSection(SolutionConfigurationPlatforms) = preSolution
		Debug|Any CPU = Debug|Any CPU
		Debug|x64 = Debug|x64
		Debug|x86 = Debug|x86
		Release|Any CPU = Release|Any CPU
		Release|x64 = Release|x64
		Release|x86 = Release|x86
	EndGlobalSection
	GlobalSection(ProjectConfigurationPlatforms) = postSolution
		{4E9C1A70-91D1-40F1-BAFB-0CBFCB8C841A}.Debug|Any CPU.ActiveCfg = Debug|Any CPU
		{4E9C1A70-91D1-40F1-BAFB-0CBFCB8C841A}.Debug|Any CPU.Build.0 = Debug|Any CPU
		{4E9C1A70-91D1-40F1-BAFB-0CBFCB8C841A}.Debug|x64.ActiveCfg = Debug|Any CPU
		{4E9C1A70-91D1-40F1-BAFB-0CBFCB8C841A}.Debug|x64.Build.0 = Debug|Any CPU
		{4E9C1A70-91D1-40F1-BAFB-0CBFCB8C841A}.Debug|x86.ActiveCfg = Debug|Any CPU
		{4E9C1A70-91D1-40F1-BAFB-0CBFCB8C841A}.Debug|x86.Build.0 = Debug|Any CPU
		{4E9C1A70-91D1-40F1-BAFB-0CBFCB8C841A}.Release|Any CPU.ActiveCfg = Release|Any CPU
		{4E9C1A70-91D1-40F1-BAFB-0CBFCB8C841A}.Release|Any CPU.Build.0 = Release|Any CPU
		{4E9C1A70-91D1-40F1-BAFB-0CBFCB8C841A}.Release|x64.ActiveCfg = Release|Any CPU
		{4E9C1A70-91D1-40F1-BAFB-0CBFCB8C841A}.Release|x64.Build.0 = Release|Any CPU
		{4E9C1A70-91D1-40F1-BAFB-0CBFCB8C841A}.Release|x86.ActiveCfg = Release|Any CPU
		{4E9C1A70-91D1-40F1-BAFB-0CBFCB8C841A}.Release|x86.Build.0 = Release|Any CPU
		{370ADF9C-DAB4-40E1-BB46-4FB053BEAAEB}.Debug|Any CPU.ActiveCfg = Debug|Any CPU
		{370ADF9C-DAB4-40E1-BB46-4FB053BEAAEB}.Debug|Any CPU.Build.0 = Debug|Any CPU
		{370ADF9C-DAB4-40E1-BB46-4FB053BEAAEB}.Debug|x64.ActiveCfg = Debug|Any CPU
		{370ADF9C-DAB4-40E1-BB46-4FB053BEAAEB}.Debug|x64.Build.0 = Debug|Any CPU
		{370ADF9C-DAB4-40E1-BB46-4FB053BEAAEB}.Debug|x86.ActiveCfg = Debug|Any CPU
		{370ADF9C-DAB4-40E1-BB46-4FB053BEAAEB}.Debug|x86.Build.0 = Debug|Any CPU
		{370ADF9C-DAB4-40E1-BB46-4FB053BEAAEB}.Release|Any CPU.ActiveCfg = Release|Any CPU
		{370ADF9C-DAB4-40E1-BB46-4FB053BEAAEB}.Release|Any CPU.Build.0 = Release|Any CPU
		{370ADF9C-DAB4-40E1-BB46-4FB053BEAAEB}.Release|x64.ActiveCfg = Release|Any CPU
		{370ADF9C-DAB4-40E1-BB46-4FB053BEAAEB}.Release|x64.Build.0 = Release|Any CPU
		{370ADF9C-DAB4-40E1-BB46-4FB053BEAAEB}.Release|x86.ActiveCfg = Release|Any CPU
		{370ADF9C-DAB4-40E1-BB46-4FB053BEAAEB}.Release|x86.Build.0 = Release|Any CPU
		{7A1E5034-E7C8-4CCD-8F2C-FE7BA13072FF}.Debug|Any CPU.ActiveCfg = Debug|Any CPU
		{7A1E5034-E7C8-4CCD-8F2C-FE7BA13072FF}.Debug|Any CPU.Build.0 = Debug|Any CPU
		{7A1E5034-E7C8-4CCD-8F2C-FE7BA13072FF}.Debug|x64.ActiveCfg = Debug|Any CPU
		{7A1E5034-E7C8-4CCD-8F2C-FE7BA13072FF}.Debug|x64.Build.0 = Debug|Any CPU
		{7A1E5034-E7C8-4CCD-8F2C-FE7BA13072FF}.Debug|x86.ActiveCfg = Debug|Any CPU
		{7A1E5034-E7C8-4CCD-8F2C-FE7BA13072FF}.Debug|x86.Build.0 = Debug|Any CPU
		{7A1E5034-E7C8-4CCD-8F2C-FE7BA13072FF}.Release|Any CPU.ActiveCfg = Release|Any CPU
		{7A1E5034-E7C8-4CCD-8F2C-FE7BA13072FF}.Release|Any CPU.Build.0 = Release|Any CPU
		{7A1E5034-E7C8-4CCD-8F2C-FE7BA13072FF}.Release|x64.ActiveCfg = Release|Any CPU
		{7A1E5034-E7C8-4CCD-8F2C-FE7BA13072FF}.Release|x64.Build.0 = Release|Any CPU
		{7A1E5034-E7C8-4CCD-8F2C-FE7BA13072FF}.Release|x86.ActiveCfg = Release|Any CPU
		{7A1E5034-E7C8-4CCD-8F2C-FE7BA13072FF}.Release|x86.Build.0 = Release|Any CPU
		{1D61BC72-5E9F-4D7E-8DFF-994FC640F4F4}.Debug|Any CPU.ActiveCfg = Debug|Any CPU
		{1D61BC72-5E9F-4D7E-8DFF-994FC640F4F4}.Debug|Any CPU.Build.0 = Debug|Any CPU
		{1D61BC72-5E9F-4D7E-8DFF-994FC640F4F4}.Debug|x64.ActiveCfg = Debug|Any CPU
		{1D61BC72-5E9F-4D7E-8DFF-994FC640F4F4}.Debug|x64.Build.0 = Debug|Any CPU
		{1D61BC72-5E9F-4D7E-8DFF-994FC640F4F4}.Debug|x86.ActiveCfg = Debug|Any CPU
		{1D61BC72-5E9F-4D7E-8DFF-994FC640F4F4}.Debug|x86.Build.0 = Debug|Any CPU
		{1D61BC72-5E9F-4D7E-8DFF-994FC640F4F4}.Release|Any CPU.ActiveCfg = Release|Any CPU
		{1D61BC72-5E9F-4D7E-8DFF-994FC640F4F4}.Release|Any CPU.Build.0 = Release|Any CPU
		{1D61BC72-5E9F-4D7E-8DFF-994FC640F4F4}.Release|x64.ActiveCfg = Release|Any CPU
		{1D61BC72-5E9F-4D7E-8DFF-994FC640F4F4}.Release|x64.Build.0 = Release|Any CPU
		{1D61BC72-5E9F-4D7E-8DFF-994FC640F4F4}.Release|x86.ActiveCfg = Release|Any CPU
		{1D61BC72-5E9F-4D7E-8DFF-994FC640F4F4}.Release|x86.Build.0 = Release|Any CPU
		{2911EAFA-428B-44B2-B598-653094A34A8A}.Debug|Any CPU.ActiveCfg = Debug|Any CPU
		{2911EAFA-428B-44B2-B598-653094A34A8A}.Debug|Any CPU.Build.0 = Debug|Any CPU
		{2911EAFA-428B-44B2-B598-653094A34A8A}.Debug|x64.ActiveCfg = Debug|Any CPU
		{2911EAFA-428B-44B2-B598-653094A34A8A}.Debug|x64.Build.0 = Debug|Any CPU
		{2911EAFA-428B-44B2-B598-653094A34A8A}.Debug|x86.ActiveCfg = Debug|Any CPU
		{2911EAFA-428B-44B2-B598-653094A34A8A}.Debug|x86.Build.0 = Debug|Any CPU
		{2911EAFA-428B-44B2-B598-653094A34A8A}.Release|Any CPU.ActiveCfg = Release|Any CPU
		{2911EAFA-428B-44B2-B598-653094A34A8A}.Release|Any CPU.Build.0 = Release|Any CPU
		{2911EAFA-428B-44B2-B598-653094A34A8A}.Release|x64.ActiveCfg = Release|Any CPU
		{2911EAFA-428B-44B2-B598-653094A34A8A}.Release|x64.Build.0 = Release|Any CPU
		{2911EAFA-428B-44B2-B598-653094A34A8A}.Release|x86.ActiveCfg = Release|Any CPU
		{2911EAFA-428B-44B2-B598-653094A34A8A}.Release|x86.Build.0 = Release|Any CPU
		{9D106772-47F3-42E2-9F79-16ECAC1E18E2}.Debug|Any CPU.ActiveCfg = Debug|Any CPU
		{9D106772-47F3-42E2-9F79-16ECAC1E18E2}.Debug|Any CPU.Build.0 = Debug|Any CPU
		{9D106772-47F3-42E2-9F79-16ECAC1E18E2}.Debug|x64.ActiveCfg = Debug|Any CPU
		{9D106772-47F3-42E2-9F79-16ECAC1E18E2}.Debug|x64.Build.0 = Debug|Any CPU
		{9D106772-47F3-42E2-9F79-16ECAC1E18E2}.Debug|x86.ActiveCfg = Debug|Any CPU
		{9D106772-47F3-42E2-9F79-16ECAC1E18E2}.Debug|x86.Build.0 = Debug|Any CPU
		{9D106772-47F3-42E2-9F79-16ECAC1E18E2}.Release|Any CPU.ActiveCfg = Release|Any CPU
		{9D106772-47F3-42E2-9F79-16ECAC1E18E2}.Release|Any CPU.Build.0 = Release|Any CPU
		{9D106772-47F3-42E2-9F79-16ECAC1E18E2}.Release|x64.ActiveCfg = Release|Any CPU
		{9D106772-47F3-42E2-9F79-16ECAC1E18E2}.Release|x64.Build.0 = Release|Any CPU
		{9D106772-47F3-42E2-9F79-16ECAC1E18E2}.Release|x86.ActiveCfg = Release|Any CPU
		{9D106772-47F3-42E2-9F79-16ECAC1E18E2}.Release|x86.Build.0 = Release|Any CPU
		{89503573-F92D-4672-B8F1-772587FAEF74}.Debug|Any CPU.ActiveCfg = Debug|Any CPU
		{89503573-F92D-4672-B8F1-772587FAEF74}.Debug|Any CPU.Build.0 = Debug|Any CPU
		{89503573-F92D-4672-B8F1-772587FAEF74}.Debug|x64.ActiveCfg = Debug|Any CPU
		{89503573-F92D-4672-B8F1-772587FAEF74}.Debug|x64.Build.0 = Debug|Any CPU
		{89503573-F92D-4672-B8F1-772587FAEF74}.Debug|x86.ActiveCfg = Debug|Any CPU
		{89503573-F92D-4672-B8F1-772587FAEF74}.Debug|x86.Build.0 = Debug|Any CPU
		{89503573-F92D-4672-B8F1-772587FAEF74}.Release|Any CPU.ActiveCfg = Release|Any CPU
		{89503573-F92D-4672-B8F1-772587FAEF74}.Release|Any CPU.Build.0 = Release|Any CPU
		{89503573-F92D-4672-B8F1-772587FAEF74}.Release|x64.ActiveCfg = Release|Any CPU
		{89503573-F92D-4672-B8F1-772587FAEF74}.Release|x64.Build.0 = Release|Any CPU
		{89503573-F92D-4672-B8F1-772587FAEF74}.Release|x86.ActiveCfg = Release|Any CPU
		{89503573-F92D-4672-B8F1-772587FAEF74}.Release|x86.Build.0 = Release|Any CPU
		{9BE3CBB5-2754-42BE-B3C3-7E26169929D1}.Debug|Any CPU.ActiveCfg = Debug|Any CPU
		{9BE3CBB5-2754-42BE-B3C3-7E26169929D1}.Debug|Any CPU.Build.0 = Debug|Any CPU
		{9BE3CBB5-2754-42BE-B3C3-7E26169929D1}.Debug|x64.ActiveCfg = Debug|Any CPU
		{9BE3CBB5-2754-42BE-B3C3-7E26169929D1}.Debug|x64.Build.0 = Debug|Any CPU
		{9BE3CBB5-2754-42BE-B3C3-7E26169929D1}.Debug|x86.ActiveCfg = Debug|Any CPU
		{9BE3CBB5-2754-42BE-B3C3-7E26169929D1}.Debug|x86.Build.0 = Debug|Any CPU
		{9BE3CBB5-2754-42BE-B3C3-7E26169929D1}.Release|Any CPU.ActiveCfg = Release|Any CPU
		{9BE3CBB5-2754-42BE-B3C3-7E26169929D1}.Release|Any CPU.Build.0 = Release|Any CPU
		{9BE3CBB5-2754-42BE-B3C3-7E26169929D1}.Release|x64.ActiveCfg = Release|Any CPU
		{9BE3CBB5-2754-42BE-B3C3-7E26169929D1}.Release|x64.Build.0 = Release|Any CPU
		{9BE3CBB5-2754-42BE-B3C3-7E26169929D1}.Release|x86.ActiveCfg = Release|Any CPU
		{9BE3CBB5-2754-42BE-B3C3-7E26169929D1}.Release|x86.Build.0 = Release|Any CPU
		{7737FDFD-0E3B-4CCA-9C6B-8BC0FD2EEEF3}.Debug|Any CPU.ActiveCfg = Debug|Any CPU
		{7737FDFD-0E3B-4CCA-9C6B-8BC0FD2EEEF3}.Debug|Any CPU.Build.0 = Debug|Any CPU
		{7737FDFD-0E3B-4CCA-9C6B-8BC0FD2EEEF3}.Debug|x64.ActiveCfg = Debug|Any CPU
		{7737FDFD-0E3B-4CCA-9C6B-8BC0FD2EEEF3}.Debug|x64.Build.0 = Debug|Any CPU
		{7737FDFD-0E3B-4CCA-9C6B-8BC0FD2EEEF3}.Debug|x86.ActiveCfg = Debug|Any CPU
		{7737FDFD-0E3B-4CCA-9C6B-8BC0FD2EEEF3}.Debug|x86.Build.0 = Debug|Any CPU
		{7737FDFD-0E3B-4CCA-9C6B-8BC0FD2EEEF3}.Release|Any CPU.ActiveCfg = Release|Any CPU
		{7737FDFD-0E3B-4CCA-9C6B-8BC0FD2EEEF3}.Release|Any CPU.Build.0 = Release|Any CPU
		{7737FDFD-0E3B-4CCA-9C6B-8BC0FD2EEEF3}.Release|x64.ActiveCfg = Release|Any CPU
		{7737FDFD-0E3B-4CCA-9C6B-8BC0FD2EEEF3}.Release|x64.Build.0 = Release|Any CPU
		{7737FDFD-0E3B-4CCA-9C6B-8BC0FD2EEEF3}.Release|x86.ActiveCfg = Release|Any CPU
		{7737FDFD-0E3B-4CCA-9C6B-8BC0FD2EEEF3}.Release|x86.Build.0 = Release|Any CPU
		{B4352A3C-8C01-4DB0-9D3D-BC634A0ADC4A}.Debug|Any CPU.ActiveCfg = Debug|Any CPU
		{B4352A3C-8C01-4DB0-9D3D-BC634A0ADC4A}.Debug|Any CPU.Build.0 = Debug|Any CPU
		{B4352A3C-8C01-4DB0-9D3D-BC634A0ADC4A}.Debug|x64.ActiveCfg = Debug|Any CPU
		{B4352A3C-8C01-4DB0-9D3D-BC634A0ADC4A}.Debug|x64.Build.0 = Debug|Any CPU
		{B4352A3C-8C01-4DB0-9D3D-BC634A0ADC4A}.Debug|x86.ActiveCfg = Debug|Any CPU
		{B4352A3C-8C01-4DB0-9D3D-BC634A0ADC4A}.Debug|x86.Build.0 = Debug|Any CPU
		{B4352A3C-8C01-4DB0-9D3D-BC634A0ADC4A}.Release|Any CPU.ActiveCfg = Release|Any CPU
		{B4352A3C-8C01-4DB0-9D3D-BC634A0ADC4A}.Release|Any CPU.Build.0 = Release|Any CPU
		{B4352A3C-8C01-4DB0-9D3D-BC634A0ADC4A}.Release|x64.ActiveCfg = Release|Any CPU
		{B4352A3C-8C01-4DB0-9D3D-BC634A0ADC4A}.Release|x64.Build.0 = Release|Any CPU
		{B4352A3C-8C01-4DB0-9D3D-BC634A0ADC4A}.Release|x86.ActiveCfg = Release|Any CPU
		{B4352A3C-8C01-4DB0-9D3D-BC634A0ADC4A}.Release|x86.Build.0 = Release|Any CPU
		{CAF0AC27-67DA-43D1-9873-7FA2717E014C}.Debug|Any CPU.ActiveCfg = Debug|Any CPU
		{CAF0AC27-67DA-43D1-9873-7FA2717E014C}.Debug|Any CPU.Build.0 = Debug|Any CPU
		{CAF0AC27-67DA-43D1-9873-7FA2717E014C}.Debug|x64.ActiveCfg = Debug|Any CPU
		{CAF0AC27-67DA-43D1-9873-7FA2717E014C}.Debug|x64.Build.0 = Debug|Any CPU
		{CAF0AC27-67DA-43D1-9873-7FA2717E014C}.Debug|x86.ActiveCfg = Debug|Any CPU
		{CAF0AC27-67DA-43D1-9873-7FA2717E014C}.Debug|x86.Build.0 = Debug|Any CPU
		{CAF0AC27-67DA-43D1-9873-7FA2717E014C}.Release|Any CPU.ActiveCfg = Release|Any CPU
		{CAF0AC27-67DA-43D1-9873-7FA2717E014C}.Release|Any CPU.Build.0 = Release|Any CPU
		{CAF0AC27-67DA-43D1-9873-7FA2717E014C}.Release|x64.ActiveCfg = Release|Any CPU
		{CAF0AC27-67DA-43D1-9873-7FA2717E014C}.Release|x64.Build.0 = Release|Any CPU
		{CAF0AC27-67DA-43D1-9873-7FA2717E014C}.Release|x86.ActiveCfg = Release|Any CPU
		{CAF0AC27-67DA-43D1-9873-7FA2717E014C}.Release|x86.Build.0 = Release|Any CPU
	EndGlobalSection
	GlobalSection(SolutionProperties) = preSolution
		HideSolutionNode = FALSE
	EndGlobalSection
	GlobalSection(NestedProjects) = preSolution
		{370ADF9C-DAB4-40E1-BB46-4FB053BEAAEB} = {7897F236-06FD-4246-8D6C-E511C07035B7}
		{7A1E5034-E7C8-4CCD-8F2C-FE7BA13072FF} = {7897F236-06FD-4246-8D6C-E511C07035B7}
		{1D61BC72-5E9F-4D7E-8DFF-994FC640F4F4} = {7897F236-06FD-4246-8D6C-E511C07035B7}
		{2911EAFA-428B-44B2-B598-653094A34A8A} = {7897F236-06FD-4246-8D6C-E511C07035B7}
		{9D106772-47F3-42E2-9F79-16ECAC1E18E2} = {7897F236-06FD-4246-8D6C-E511C07035B7}
		{89503573-F92D-4672-B8F1-772587FAEF74} = {7897F236-06FD-4246-8D6C-E511C07035B7}
		{9BE3CBB5-2754-42BE-B3C3-7E26169929D1} = {28163331-31E9-4CD2-A108-2CC9C6C8B0F2}
		{7737FDFD-0E3B-4CCA-9C6B-8BC0FD2EEEF3} = {28163331-31E9-4CD2-A108-2CC9C6C8B0F2}
		{B4352A3C-8C01-4DB0-9D3D-BC634A0ADC4A} = {28163331-31E9-4CD2-A108-2CC9C6C8B0F2}
		{CAF0AC27-67DA-43D1-9873-7FA2717E014C} = {28163331-31E9-4CD2-A108-2CC9C6C8B0F2}
	EndGlobalSection
	GlobalSection(ExtensibilityGlobals) = postSolution
		SolutionGuid = {20C2A932-4F39-48F0-8562-5580B2AAE008}
	EndGlobalSection
EndGlobal
