
Microsoft Visual Studio Solution File, Format Version 12.00
Project("{FAE04EC0-301F-11D3-BF4B-00C04F79EFBC}") = "DotNetRu.Commune.WasmClient", "DotNetRu.Commune.WasmClient\DotNetRu.Commune.WasmClient.csproj", "{62DA322F-1287-4B9F-B5A6-D262E9BADAB2}"
EndProject
Project("{2150E333-8FDC-42A3-9474-1A3956D46DE8}") = "test", "test", "{6632FB11-E205-404B-A564-F7D808E2F98D}"
EndProject
Project("{FAE04EC0-301F-11D3-BF4B-00C04F79EFBC}") = "DotNetRu.Commune.Test.WasmClient", "test\DotNetRu.Commune.Test.WasmClient\DotNetRu.Commune.Test.WasmClient.csproj", "{301379D1-48ED-4C60-8A37-F46BAFA1E870}"
EndProject
Global
	GlobalSection(SolutionConfigurationPlatforms) = preSolution
		Debug|Any CPU = Debug|Any CPU
		Release|Any CPU = Release|Any CPU
	EndGlobalSection
	GlobalSection(ProjectConfigurationPlatforms) = postSolution
		{62DA322F-1287-4B9F-B5A6-D262E9BADAB2}.Debug|Any CPU.ActiveCfg = Debug|Any CPU
		{62DA322F-1287-4B9F-B5A6-D262E9BADAB2}.Debug|Any CPU.Build.0 = Debug|Any CPU
		{62DA322F-1287-4B9F-B5A6-D262E9BADAB2}.Release|Any CPU.ActiveCfg = Release|Any CPU
		{62DA322F-1287-4B9F-B5A6-D262E9BADAB2}.Release|Any CPU.Build.0 = Release|Any CPU
		{301379D1-48ED-4C60-8A37-F46BAFA1E870}.Debug|Any CPU.ActiveCfg = Debug|Any CPU
		{301379D1-48ED-4C60-8A37-F46BAFA1E870}.Debug|Any CPU.Build.0 = Debug|Any CPU
		{301379D1-48ED-4C60-8A37-F46BAFA1E870}.Release|Any CPU.ActiveCfg = Release|Any CPU
		{301379D1-48ED-4C60-8A37-F46BAFA1E870}.Release|Any CPU.Build.0 = Release|Any CPU
	EndGlobalSection
	GlobalSection(NestedProjects) = preSolution
		{301379D1-48ED-4C60-8A37-F46BAFA1E870} = {6632FB11-E205-404B-A564-F7D808E2F98D}
	EndGlobalSection
EndGlobal
