
Microsoft Visual Studio Solution File, Format Version 12.00
# Visual Studio 15
VisualStudioVersion = 15.0.27130.2036
MinimumVisualStudioVersion = 15.0.26124.0
Project("{9A19103F-16F7-4668-BE54-9A1E7A4F7556}") = "ServiceHost", "src\ServiceHost\ServiceHost.csproj", "{4E9C1A70-91D1-40F1-BAFB-0CBFCB8C841A}"
EndProject
Project("{2150E333-8FDC-42A3-9474-1A3956D46DE8}") = "test", "test", "{28163331-31E9-4CD2-A108-2CC9C6C8B0F2}"
EndProject
Project("{2150E333-8FDC-42A3-9474-1A3956D46DE8}") = "MeetupManagement", "MeetupManagement", "{7897F236-06FD-4246-8D6C-E511C07035B7}"
EndProject
Project("{9A19103F-16F7-4668-BE54-9A1E7A4F7556}") = "DotNetRu.MeetupManagement.WebApi.Contract", "src\MeetupManagement\DotNetRu.MeetupManagement.WebApi.Contract\DotNetRu.MeetupManagement.WebApi.Contract.csproj", "{370ADF9C-DAB4-40E1-BB46-4FB053BEAAEB}"
EndProject
Project("{9A19103F-16F7-4668-BE54-9A1E7A4F7556}") = "DotNetRu.MeetupManagement.WebApi", "src\MeetupManagement\DotNetRu.MeetupManagement.WebApi\DotNetRu.MeetupManagement.WebApi.csproj", "{7A1E5034-E7C8-4CCD-8F2C-FE7BA13072FF}"
EndProject
Project("{9A19103F-16F7-4668-BE54-9A1E7A4F7556}") = "DotNetRu.MeetupManagement.WebApi.Tests", "test\DotNetRu.MeetupManagement.WebApi.Tests\DotNetRu.MeetupManagement.WebApi.Tests.csproj", "{9BE3CBB5-2754-42BE-B3C3-7E26169929D1}"
EndProject
Project("{9A19103F-16F7-4668-BE54-9A1E7A4F7556}") = "ServiceHost.Tests", "test\ServiceHost.Tests\ServiceHost.Tests.csproj", "{CAF0AC27-67DA-43D1-9873-7FA2717E014C}"
EndProject
Project("{9A19103F-16F7-4668-BE54-9A1E7A4F7556}") = "DotNetRu.MeetupManagement.Application", "src\MeetupManagement\DotNetRu.MeetupManagement.Application\DotNetRu.MeetupManagement.Application.csproj", "{4926760A-9F95-4B7B-A702-04B513985C00}"
EndProject
Project("{9A19103F-16F7-4668-BE54-9A1E7A4F7556}") = "DotNetRu.MeetupManagement.Infrastructure.EFCore", "src\MeetupManagement\DotNetRu.MeetupManagement.Infrastructure.EFCore\DotNetRu.MeetupManagement.Infrastructure.EFCore.csproj", "{F2AABD0A-A86D-4A82-873A-63E9F1F42EF6}"
EndProject
Project("{9A19103F-16F7-4668-BE54-9A1E7A4F7556}") = "DotNetRu.MeetupManagement.Domain", "src\MeetupManagement\DotNetRu.MeetupManagement.Domain\DotNetRu.MeetupManagement.Domain.csproj", "{06466010-727E-40D1-9CA9-209609AEA07A}"
EndProject
Project("{9A19103F-16F7-4668-BE54-9A1E7A4F7556}") = "DotNetRu.MeetupManagement.Application.Contract", "src\MeetupManagement\DotNetRu.MeetupManagement.Application.Contract\DotNetRu.MeetupManagement.Application.Contract.csproj", "{BA3914BD-CEFF-4961-AC9E-D776B8DF6303}"
EndProject
Project("{9A19103F-16F7-4668-BE54-9A1E7A4F7556}") = "DotNetRu.Common.Collections", "src\DotNetRu.Common.Collections\DotNetRu.Common.Collections.csproj", "{61E1456D-CC0D-45DC-94AB-3AC9B3B91FF7}"
EndProject
Project("{9A19103F-16F7-4668-BE54-9A1E7A4F7556}") = "DotNetRu.MeetupManagement.Infrastructure.DependencyInjection", "src\MeetupManagement\DotNetRu.MeetupManagement.Infrastructure.DependencyInjection\DotNetRu.MeetupManagement.Infrastructure.DependencyInjection.csproj", "{35E9D093-65F3-4323-889F-AE7F8EB5A4F8}"
EndProject
Project("{9A19103F-16F7-4668-BE54-9A1E7A4F7556}") = "DotNetRu.MeetupManagement.Domain.Contract", "src\MeetupManagement\DotNetRu.MeetupManagement.Domain.Contract\DotNetRu.MeetupManagement.Domain.Contract.csproj", "{90918CB2-0FCE-42F0-8241-923EDBB57ED0}"
EndProject
Project("{2150E333-8FDC-42A3-9474-1A3956D46DE8}") = "Solution Items", "Solution Items", "{89C4F48F-66A3-440E-9D33-D78DBA5BD4AB}"
	ProjectSection(SolutionItems) = preProject
		.editorconfig = .editorconfig
		DotNetRu.Server.ruleset = DotNetRu.Server.ruleset
	EndProjectSection
EndProject
Project("{FAE04EC0-301F-11D3-BF4B-00C04F79EFBC}") = "DotNetRu.MeetupManagement.Infrastructure.Telegram", "src\MeetupManagement\DotNetRu.MeetupManagement.Infrastructure.Telegram\DotNetRu.MeetupManagement.Infrastructure.Telegram.csproj", "{4F8861C5-2A11-4FDE-83FE-79CC0AE681A9}"
EndProject
Global
	GlobalSection(SolutionConfigurationPlatforms) = preSolution
		Debug|Any CPU = Debug|Any CPU
		Debug|x64 = Debug|x64
		Debug|x86 = Debug|x86
		Release|Any CPU = Release|Any CPU
		Release|x64 = Release|x64
		Release|x86 = Release|x86
	EndGlobalSection
	GlobalSection(ProjectConfigurationPlatforms) = postSolution
		{4E9C1A70-91D1-40F1-BAFB-0CBFCB8C841A}.Debug|Any CPU.ActiveCfg = Debug|Any CPU
		{4E9C1A70-91D1-40F1-BAFB-0CBFCB8C841A}.Debug|Any CPU.Build.0 = Debug|Any CPU
		{4E9C1A70-91D1-40F1-BAFB-0CBFCB8C841A}.Debug|x64.ActiveCfg = Debug|Any CPU
		{4E9C1A70-91D1-40F1-BAFB-0CBFCB8C841A}.Debug|x64.Build.0 = Debug|Any CPU
		{4E9C1A70-91D1-40F1-BAFB-0CBFCB8C841A}.Debug|x86.ActiveCfg = Debug|Any CPU
		{4E9C1A70-91D1-40F1-BAFB-0CBFCB8C841A}.Debug|x86.Build.0 = Debug|Any CPU
		{4E9C1A70-91D1-40F1-BAFB-0CBFCB8C841A}.Release|Any CPU.ActiveCfg = Release|Any CPU
		{4E9C1A70-91D1-40F1-BAFB-0CBFCB8C841A}.Release|Any CPU.Build.0 = Release|Any CPU
		{4E9C1A70-91D1-40F1-BAFB-0CBFCB8C841A}.Release|x64.ActiveCfg = Release|Any CPU
		{4E9C1A70-91D1-40F1-BAFB-0CBFCB8C841A}.Release|x64.Build.0 = Release|Any CPU
		{4E9C1A70-91D1-40F1-BAFB-0CBFCB8C841A}.Release|x86.ActiveCfg = Release|Any CPU
		{4E9C1A70-91D1-40F1-BAFB-0CBFCB8C841A}.Release|x86.Build.0 = Release|Any CPU
		{370ADF9C-DAB4-40E1-BB46-4FB053BEAAEB}.Debug|Any CPU.ActiveCfg = Debug|Any CPU
		{370ADF9C-DAB4-40E1-BB46-4FB053BEAAEB}.Debug|Any CPU.Build.0 = Debug|Any CPU
		{370ADF9C-DAB4-40E1-BB46-4FB053BEAAEB}.Debug|x64.ActiveCfg = Debug|Any CPU
		{370ADF9C-DAB4-40E1-BB46-4FB053BEAAEB}.Debug|x64.Build.0 = Debug|Any CPU
		{370ADF9C-DAB4-40E1-BB46-4FB053BEAAEB}.Debug|x86.ActiveCfg = Debug|Any CPU
		{370ADF9C-DAB4-40E1-BB46-4FB053BEAAEB}.Debug|x86.Build.0 = Debug|Any CPU
		{370ADF9C-DAB4-40E1-BB46-4FB053BEAAEB}.Release|Any CPU.ActiveCfg = Release|Any CPU
		{370ADF9C-DAB4-40E1-BB46-4FB053BEAAEB}.Release|Any CPU.Build.0 = Release|Any CPU
		{370ADF9C-DAB4-40E1-BB46-4FB053BEAAEB}.Release|x64.ActiveCfg = Release|Any CPU
		{370ADF9C-DAB4-40E1-BB46-4FB053BEAAEB}.Release|x64.Build.0 = Release|Any CPU
		{370ADF9C-DAB4-40E1-BB46-4FB053BEAAEB}.Release|x86.ActiveCfg = Release|Any CPU
		{370ADF9C-DAB4-40E1-BB46-4FB053BEAAEB}.Release|x86.Build.0 = Release|Any CPU
		{7A1E5034-E7C8-4CCD-8F2C-FE7BA13072FF}.Debug|Any CPU.ActiveCfg = Debug|Any CPU
		{7A1E5034-E7C8-4CCD-8F2C-FE7BA13072FF}.Debug|Any CPU.Build.0 = Debug|Any CPU
		{7A1E5034-E7C8-4CCD-8F2C-FE7BA13072FF}.Debug|x64.ActiveCfg = Debug|Any CPU
		{7A1E5034-E7C8-4CCD-8F2C-FE7BA13072FF}.Debug|x64.Build.0 = Debug|Any CPU
		{7A1E5034-E7C8-4CCD-8F2C-FE7BA13072FF}.Debug|x86.ActiveCfg = Debug|Any CPU
		{7A1E5034-E7C8-4CCD-8F2C-FE7BA13072FF}.Debug|x86.Build.0 = Debug|Any CPU
		{7A1E5034-E7C8-4CCD-8F2C-FE7BA13072FF}.Release|Any CPU.ActiveCfg = Release|Any CPU
		{7A1E5034-E7C8-4CCD-8F2C-FE7BA13072FF}.Release|Any CPU.Build.0 = Release|Any CPU
		{7A1E5034-E7C8-4CCD-8F2C-FE7BA13072FF}.Release|x64.ActiveCfg = Release|Any CPU
		{7A1E5034-E7C8-4CCD-8F2C-FE7BA13072FF}.Release|x64.Build.0 = Release|Any CPU
		{7A1E5034-E7C8-4CCD-8F2C-FE7BA13072FF}.Release|x86.ActiveCfg = Release|Any CPU
		{7A1E5034-E7C8-4CCD-8F2C-FE7BA13072FF}.Release|x86.Build.0 = Release|Any CPU
		{9BE3CBB5-2754-42BE-B3C3-7E26169929D1}.Debug|Any CPU.ActiveCfg = Debug|Any CPU
		{9BE3CBB5-2754-42BE-B3C3-7E26169929D1}.Debug|Any CPU.Build.0 = Debug|Any CPU
		{9BE3CBB5-2754-42BE-B3C3-7E26169929D1}.Debug|x64.ActiveCfg = Debug|Any CPU
		{9BE3CBB5-2754-42BE-B3C3-7E26169929D1}.Debug|x64.Build.0 = Debug|Any CPU
		{9BE3CBB5-2754-42BE-B3C3-7E26169929D1}.Debug|x86.ActiveCfg = Debug|Any CPU
		{9BE3CBB5-2754-42BE-B3C3-7E26169929D1}.Debug|x86.Build.0 = Debug|Any CPU
		{9BE3CBB5-2754-42BE-B3C3-7E26169929D1}.Release|Any CPU.ActiveCfg = Release|Any CPU
		{9BE3CBB5-2754-42BE-B3C3-7E26169929D1}.Release|Any CPU.Build.0 = Release|Any CPU
		{9BE3CBB5-2754-42BE-B3C3-7E26169929D1}.Release|x64.ActiveCfg = Release|Any CPU
		{9BE3CBB5-2754-42BE-B3C3-7E26169929D1}.Release|x64.Build.0 = Release|Any CPU
		{9BE3CBB5-2754-42BE-B3C3-7E26169929D1}.Release|x86.ActiveCfg = Release|Any CPU
		{9BE3CBB5-2754-42BE-B3C3-7E26169929D1}.Release|x86.Build.0 = Release|Any CPU
		{CAF0AC27-67DA-43D1-9873-7FA2717E014C}.Debug|Any CPU.ActiveCfg = Debug|Any CPU
		{CAF0AC27-67DA-43D1-9873-7FA2717E014C}.Debug|Any CPU.Build.0 = Debug|Any CPU
		{CAF0AC27-67DA-43D1-9873-7FA2717E014C}.Debug|x64.ActiveCfg = Debug|Any CPU
		{CAF0AC27-67DA-43D1-9873-7FA2717E014C}.Debug|x64.Build.0 = Debug|Any CPU
		{CAF0AC27-67DA-43D1-9873-7FA2717E014C}.Debug|x86.ActiveCfg = Debug|Any CPU
		{CAF0AC27-67DA-43D1-9873-7FA2717E014C}.Debug|x86.Build.0 = Debug|Any CPU
		{CAF0AC27-67DA-43D1-9873-7FA2717E014C}.Release|Any CPU.ActiveCfg = Release|Any CPU
		{CAF0AC27-67DA-43D1-9873-7FA2717E014C}.Release|Any CPU.Build.0 = Release|Any CPU
		{CAF0AC27-67DA-43D1-9873-7FA2717E014C}.Release|x64.ActiveCfg = Release|Any CPU
		{CAF0AC27-67DA-43D1-9873-7FA2717E014C}.Release|x64.Build.0 = Release|Any CPU
		{CAF0AC27-67DA-43D1-9873-7FA2717E014C}.Release|x86.ActiveCfg = Release|Any CPU
		{CAF0AC27-67DA-43D1-9873-7FA2717E014C}.Release|x86.Build.0 = Release|Any CPU
		{4926760A-9F95-4B7B-A702-04B513985C00}.Debug|Any CPU.ActiveCfg = Debug|Any CPU
		{4926760A-9F95-4B7B-A702-04B513985C00}.Debug|Any CPU.Build.0 = Debug|Any CPU
		{4926760A-9F95-4B7B-A702-04B513985C00}.Debug|x64.ActiveCfg = Debug|Any CPU
		{4926760A-9F95-4B7B-A702-04B513985C00}.Debug|x64.Build.0 = Debug|Any CPU
		{4926760A-9F95-4B7B-A702-04B513985C00}.Debug|x86.ActiveCfg = Debug|Any CPU
		{4926760A-9F95-4B7B-A702-04B513985C00}.Debug|x86.Build.0 = Debug|Any CPU
		{4926760A-9F95-4B7B-A702-04B513985C00}.Release|Any CPU.ActiveCfg = Release|Any CPU
		{4926760A-9F95-4B7B-A702-04B513985C00}.Release|Any CPU.Build.0 = Release|Any CPU
		{4926760A-9F95-4B7B-A702-04B513985C00}.Release|x64.ActiveCfg = Release|Any CPU
		{4926760A-9F95-4B7B-A702-04B513985C00}.Release|x64.Build.0 = Release|Any CPU
		{4926760A-9F95-4B7B-A702-04B513985C00}.Release|x86.ActiveCfg = Release|Any CPU
		{4926760A-9F95-4B7B-A702-04B513985C00}.Release|x86.Build.0 = Release|Any CPU
		{F2AABD0A-A86D-4A82-873A-63E9F1F42EF6}.Debug|Any CPU.ActiveCfg = Debug|Any CPU
		{F2AABD0A-A86D-4A82-873A-63E9F1F42EF6}.Debug|Any CPU.Build.0 = Debug|Any CPU
		{F2AABD0A-A86D-4A82-873A-63E9F1F42EF6}.Debug|x64.ActiveCfg = Debug|Any CPU
		{F2AABD0A-A86D-4A82-873A-63E9F1F42EF6}.Debug|x64.Build.0 = Debug|Any CPU
		{F2AABD0A-A86D-4A82-873A-63E9F1F42EF6}.Debug|x86.ActiveCfg = Debug|Any CPU
		{F2AABD0A-A86D-4A82-873A-63E9F1F42EF6}.Debug|x86.Build.0 = Debug|Any CPU
		{F2AABD0A-A86D-4A82-873A-63E9F1F42EF6}.Release|Any CPU.ActiveCfg = Release|Any CPU
		{F2AABD0A-A86D-4A82-873A-63E9F1F42EF6}.Release|Any CPU.Build.0 = Release|Any CPU
		{F2AABD0A-A86D-4A82-873A-63E9F1F42EF6}.Release|x64.ActiveCfg = Release|Any CPU
		{F2AABD0A-A86D-4A82-873A-63E9F1F42EF6}.Release|x64.Build.0 = Release|Any CPU
		{F2AABD0A-A86D-4A82-873A-63E9F1F42EF6}.Release|x86.ActiveCfg = Release|Any CPU
		{F2AABD0A-A86D-4A82-873A-63E9F1F42EF6}.Release|x86.Build.0 = Release|Any CPU
		{06466010-727E-40D1-9CA9-209609AEA07A}.Debug|Any CPU.ActiveCfg = Debug|Any CPU
		{06466010-727E-40D1-9CA9-209609AEA07A}.Debug|Any CPU.Build.0 = Debug|Any CPU
		{06466010-727E-40D1-9CA9-209609AEA07A}.Debug|x64.ActiveCfg = Debug|Any CPU
		{06466010-727E-40D1-9CA9-209609AEA07A}.Debug|x64.Build.0 = Debug|Any CPU
		{06466010-727E-40D1-9CA9-209609AEA07A}.Debug|x86.ActiveCfg = Debug|Any CPU
		{06466010-727E-40D1-9CA9-209609AEA07A}.Debug|x86.Build.0 = Debug|Any CPU
		{06466010-727E-40D1-9CA9-209609AEA07A}.Release|Any CPU.ActiveCfg = Release|Any CPU
		{06466010-727E-40D1-9CA9-209609AEA07A}.Release|Any CPU.Build.0 = Release|Any CPU
		{06466010-727E-40D1-9CA9-209609AEA07A}.Release|x64.ActiveCfg = Release|Any CPU
		{06466010-727E-40D1-9CA9-209609AEA07A}.Release|x64.Build.0 = Release|Any CPU
		{06466010-727E-40D1-9CA9-209609AEA07A}.Release|x86.ActiveCfg = Release|Any CPU
		{06466010-727E-40D1-9CA9-209609AEA07A}.Release|x86.Build.0 = Release|Any CPU
		{BA3914BD-CEFF-4961-AC9E-D776B8DF6303}.Debug|Any CPU.ActiveCfg = Debug|Any CPU
		{BA3914BD-CEFF-4961-AC9E-D776B8DF6303}.Debug|Any CPU.Build.0 = Debug|Any CPU
		{BA3914BD-CEFF-4961-AC9E-D776B8DF6303}.Debug|x64.ActiveCfg = Debug|Any CPU
		{BA3914BD-CEFF-4961-AC9E-D776B8DF6303}.Debug|x64.Build.0 = Debug|Any CPU
		{BA3914BD-CEFF-4961-AC9E-D776B8DF6303}.Debug|x86.ActiveCfg = Debug|Any CPU
		{BA3914BD-CEFF-4961-AC9E-D776B8DF6303}.Debug|x86.Build.0 = Debug|Any CPU
		{BA3914BD-CEFF-4961-AC9E-D776B8DF6303}.Release|Any CPU.ActiveCfg = Release|Any CPU
		{BA3914BD-CEFF-4961-AC9E-D776B8DF6303}.Release|Any CPU.Build.0 = Release|Any CPU
		{BA3914BD-CEFF-4961-AC9E-D776B8DF6303}.Release|x64.ActiveCfg = Release|Any CPU
		{BA3914BD-CEFF-4961-AC9E-D776B8DF6303}.Release|x64.Build.0 = Release|Any CPU
		{BA3914BD-CEFF-4961-AC9E-D776B8DF6303}.Release|x86.ActiveCfg = Release|Any CPU
		{BA3914BD-CEFF-4961-AC9E-D776B8DF6303}.Release|x86.Build.0 = Release|Any CPU
		{61E1456D-CC0D-45DC-94AB-3AC9B3B91FF7}.Debug|Any CPU.ActiveCfg = Debug|Any CPU
		{61E1456D-CC0D-45DC-94AB-3AC9B3B91FF7}.Debug|Any CPU.Build.0 = Debug|Any CPU
		{61E1456D-CC0D-45DC-94AB-3AC9B3B91FF7}.Debug|x64.ActiveCfg = Debug|Any CPU
		{61E1456D-CC0D-45DC-94AB-3AC9B3B91FF7}.Debug|x64.Build.0 = Debug|Any CPU
		{61E1456D-CC0D-45DC-94AB-3AC9B3B91FF7}.Debug|x86.ActiveCfg = Debug|Any CPU
		{61E1456D-CC0D-45DC-94AB-3AC9B3B91FF7}.Debug|x86.Build.0 = Debug|Any CPU
		{61E1456D-CC0D-45DC-94AB-3AC9B3B91FF7}.Release|Any CPU.ActiveCfg = Release|Any CPU
		{61E1456D-CC0D-45DC-94AB-3AC9B3B91FF7}.Release|Any CPU.Build.0 = Release|Any CPU
		{61E1456D-CC0D-45DC-94AB-3AC9B3B91FF7}.Release|x64.ActiveCfg = Release|Any CPU
		{61E1456D-CC0D-45DC-94AB-3AC9B3B91FF7}.Release|x64.Build.0 = Release|Any CPU
		{61E1456D-CC0D-45DC-94AB-3AC9B3B91FF7}.Release|x86.ActiveCfg = Release|Any CPU
		{61E1456D-CC0D-45DC-94AB-3AC9B3B91FF7}.Release|x86.Build.0 = Release|Any CPU
		{35E9D093-65F3-4323-889F-AE7F8EB5A4F8}.Debug|Any CPU.ActiveCfg = Debug|Any CPU
		{35E9D093-65F3-4323-889F-AE7F8EB5A4F8}.Debug|Any CPU.Build.0 = Debug|Any CPU
		{35E9D093-65F3-4323-889F-AE7F8EB5A4F8}.Debug|x64.ActiveCfg = Debug|Any CPU
		{35E9D093-65F3-4323-889F-AE7F8EB5A4F8}.Debug|x64.Build.0 = Debug|Any CPU
		{35E9D093-65F3-4323-889F-AE7F8EB5A4F8}.Debug|x86.ActiveCfg = Debug|Any CPU
		{35E9D093-65F3-4323-889F-AE7F8EB5A4F8}.Debug|x86.Build.0 = Debug|Any CPU
		{35E9D093-65F3-4323-889F-AE7F8EB5A4F8}.Release|Any CPU.ActiveCfg = Release|Any CPU
		{35E9D093-65F3-4323-889F-AE7F8EB5A4F8}.Release|Any CPU.Build.0 = Release|Any CPU
		{35E9D093-65F3-4323-889F-AE7F8EB5A4F8}.Release|x64.ActiveCfg = Release|Any CPU
		{35E9D093-65F3-4323-889F-AE7F8EB5A4F8}.Release|x64.Build.0 = Release|Any CPU
		{35E9D093-65F3-4323-889F-AE7F8EB5A4F8}.Release|x86.ActiveCfg = Release|Any CPU
		{35E9D093-65F3-4323-889F-AE7F8EB5A4F8}.Release|x86.Build.0 = Release|Any CPU
		{90918CB2-0FCE-42F0-8241-923EDBB57ED0}.Debug|Any CPU.ActiveCfg = Debug|Any CPU
		{90918CB2-0FCE-42F0-8241-923EDBB57ED0}.Debug|Any CPU.Build.0 = Debug|Any CPU
		{90918CB2-0FCE-42F0-8241-923EDBB57ED0}.Debug|x64.ActiveCfg = Debug|Any CPU
		{90918CB2-0FCE-42F0-8241-923EDBB57ED0}.Debug|x64.Build.0 = Debug|Any CPU
		{90918CB2-0FCE-42F0-8241-923EDBB57ED0}.Debug|x86.ActiveCfg = Debug|Any CPU
		{90918CB2-0FCE-42F0-8241-923EDBB57ED0}.Debug|x86.Build.0 = Debug|Any CPU
		{90918CB2-0FCE-42F0-8241-923EDBB57ED0}.Release|Any CPU.ActiveCfg = Release|Any CPU
		{90918CB2-0FCE-42F0-8241-923EDBB57ED0}.Release|Any CPU.Build.0 = Release|Any CPU
		{90918CB2-0FCE-42F0-8241-923EDBB57ED0}.Release|x64.ActiveCfg = Release|Any CPU
		{90918CB2-0FCE-42F0-8241-923EDBB57ED0}.Release|x64.Build.0 = Release|Any CPU
		{90918CB2-0FCE-42F0-8241-923EDBB57ED0}.Release|x86.ActiveCfg = Release|Any CPU
		{90918CB2-0FCE-42F0-8241-923EDBB57ED0}.Release|x86.Build.0 = Release|Any CPU
		{4F8861C5-2A11-4FDE-83FE-79CC0AE681A9}.Debug|Any CPU.ActiveCfg = Debug|Any CPU
		{4F8861C5-2A11-4FDE-83FE-79CC0AE681A9}.Debug|Any CPU.Build.0 = Debug|Any CPU
		{4F8861C5-2A11-4FDE-83FE-79CC0AE681A9}.Debug|x64.ActiveCfg = Debug|Any CPU
		{4F8861C5-2A11-4FDE-83FE-79CC0AE681A9}.Debug|x64.Build.0 = Debug|Any CPU
		{4F8861C5-2A11-4FDE-83FE-79CC0AE681A9}.Debug|x86.ActiveCfg = Debug|Any CPU
		{4F8861C5-2A11-4FDE-83FE-79CC0AE681A9}.Debug|x86.Build.0 = Debug|Any CPU
		{4F8861C5-2A11-4FDE-83FE-79CC0AE681A9}.Release|Any CPU.ActiveCfg = Release|Any CPU
		{4F8861C5-2A11-4FDE-83FE-79CC0AE681A9}.Release|Any CPU.Build.0 = Release|Any CPU
		{4F8861C5-2A11-4FDE-83FE-79CC0AE681A9}.Release|x64.ActiveCfg = Release|Any CPU
		{4F8861C5-2A11-4FDE-83FE-79CC0AE681A9}.Release|x64.Build.0 = Release|Any CPU
		{4F8861C5-2A11-4FDE-83FE-79CC0AE681A9}.Release|x86.ActiveCfg = Release|Any CPU
		{4F8861C5-2A11-4FDE-83FE-79CC0AE681A9}.Release|x86.Build.0 = Release|Any CPU
	EndGlobalSection
	GlobalSection(SolutionProperties) = preSolution
		HideSolutionNode = FALSE
	EndGlobalSection
	GlobalSection(NestedProjects) = preSolution
		{370ADF9C-DAB4-40E1-BB46-4FB053BEAAEB} = {7897F236-06FD-4246-8D6C-E511C07035B7}
		{7A1E5034-E7C8-4CCD-8F2C-FE7BA13072FF} = {7897F236-06FD-4246-8D6C-E511C07035B7}
		{9BE3CBB5-2754-42BE-B3C3-7E26169929D1} = {28163331-31E9-4CD2-A108-2CC9C6C8B0F2}
		{CAF0AC27-67DA-43D1-9873-7FA2717E014C} = {28163331-31E9-4CD2-A108-2CC9C6C8B0F2}
		{4926760A-9F95-4B7B-A702-04B513985C00} = {7897F236-06FD-4246-8D6C-E511C07035B7}
		{F2AABD0A-A86D-4A82-873A-63E9F1F42EF6} = {7897F236-06FD-4246-8D6C-E511C07035B7}
		{06466010-727E-40D1-9CA9-209609AEA07A} = {7897F236-06FD-4246-8D6C-E511C07035B7}
		{BA3914BD-CEFF-4961-AC9E-D776B8DF6303} = {7897F236-06FD-4246-8D6C-E511C07035B7}
		{35E9D093-65F3-4323-889F-AE7F8EB5A4F8} = {7897F236-06FD-4246-8D6C-E511C07035B7}
		{90918CB2-0FCE-42F0-8241-923EDBB57ED0} = {7897F236-06FD-4246-8D6C-E511C07035B7}
		{4F8861C5-2A11-4FDE-83FE-79CC0AE681A9} = {7897F236-06FD-4246-8D6C-E511C07035B7}
	EndGlobalSection
	GlobalSection(ExtensibilityGlobals) = postSolution
		SolutionGuid = {20C2A932-4F39-48F0-8562-5580B2AAE008}
	EndGlobalSection
EndGlobal
