
Microsoft Visual Studio Solution File, Format Version 12.00
# Visual Studio 15
VisualStudioVersion = 15.0.27004.2010
MinimumVisualStudioVersion = 10.0.40219.1
Project("{FAE04EC0-301F-11D3-BF4B-00C04F79EFBC}") = "DotNetRu.Server.SpaClient", "DotNetRu.Server.SpaClient\DotNetRu.Server.SpaClient.csproj", "{D5559E22-BAA3-43FF-8AE3-6CCF06ECCA15}"
EndProject
Global
	GlobalSection(SolutionConfigurationPlatforms) = preSolution
		Debug|Any CPU = Debug|Any CPU
		Release|Any CPU = Release|Any CPU
	EndGlobalSection
	GlobalSection(ProjectConfigurationPlatforms) = postSolution
		{D5559E22-BAA3-43FF-8AE3-6CCF06ECCA15}.Debug|Any CPU.ActiveCfg = Debug|Any CPU
		{D5559E22-BAA3-43FF-8AE3-6CCF06ECCA15}.Debug|Any CPU.Build.0 = Debug|Any CPU
	EndGlobalSection
	GlobalSection(SolutionProperties) = preSolution
		HideSolutionNode = FALSE
	EndGlobalSection
	GlobalSection(NestedProjects) = preSolution
	EndGlobalSection
	GlobalSection(ExtensibilityGlobals) = postSolution
		SolutionGuid = {E6E27B0B-660E-4659-9A90-AB8C395BDB0A}
	EndGlobalSection
EndGlobal
