
Microsoft Visual Studio Solution File, Format Version 12.00
# Visual Studio 15
VisualStudioVersion = 15.0.27004.2010
MinimumVisualStudioVersion = 10.0.40219.1
Project("{FAE04EC0-301F-11D3-BF4B-00C04F79EFBC}") = "ElectronNetAngular", "ElectronNetAngular\ElectronNetAngular.csproj", "{58A8A76E-BA6E-4999-8E63-F0DCD45EE48F}"
EndProject
Global
	GlobalSection(SolutionConfigurationPlatforms) = preSolution
		Debug|Any CPU = Debug|Any CPU
		Release|Any CPU = Release|Any CPU
	EndGlobalSection
	GlobalSection(ProjectConfigurationPlatforms) = postSolution
		{58A8A76E-BA6E-4999-8E63-F0DCD45EE48F}.Debug|Any CPU.ActiveCfg = Debug|Any CPU
		{58A8A76E-BA6E-4999-8E63-F0DCD45EE48F}.Debug|Any CPU.Build.0 = Debug|Any CPU
		{58A8A76E-BA6E-4999-8E63-F0DCD45EE48F}.Release|Any CPU.ActiveCfg = Release|Any CPU
		{58A8A76E-BA6E-4999-8E63-F0DCD45EE48F}.Release|Any CPU.Build.0 = Release|Any CPU
	EndGlobalSection
	GlobalSection(SolutionProperties) = preSolution
		HideSolutionNode = FALSE
	EndGlobalSection
	GlobalSection(ExtensibilityGlobals) = postSolution
		SolutionGuid = {E6E27B0B-660E-4659-9A90-AB8C395BDB0A}
	EndGlobalSection
EndGlobal
